
Microsoft Visual Studio Solution File, Format Version 12.00
# Visual Studio 2013
VisualStudioVersion = 12.0.21005.1
MinimumVisualStudioVersion = 10.0.40219.1
Project("{8BC9CEB8-8B4A-11D0-8D11-00A0C91BC942}") = "hb_test", "test\test.vcxproj", "{E055E530-7018-402D-81E6-161D58D39FCF}"
	ProjectSection(ProjectDependencies) = postProject
		{D4F57C4E-6682-41C9-A2D6-FED85929C7BF} = {D4F57C4E-6682-41C9-A2D6-FED85929C7BF}
		{78B079BD-9FC7-4B9E-B4A6-96DA0F00248B} = {78B079BD-9FC7-4B9E-B4A6-96DA0F00248B}
	EndProjectSection
EndProject
Project("{8BC9CEB8-8B4A-11D0-8D11-00A0C91BC942}") = "hb", "hb\hb.vcxproj", "{D4F57C4E-6682-41C9-A2D6-FED85929C7BF}"
	ProjectSection(ProjectDependencies) = postProject
		{78B079BD-9FC7-4B9E-B4A6-96DA0F00248B} = {78B079BD-9FC7-4B9E-B4A6-96DA0F00248B}
	EndProjectSection
EndProject
Project("{8BC9CEB8-8B4A-11D0-8D11-00A0C91BC942}") = "freetype", "freetype-2.5.0\builds\win32\vc2010\freetype.vcxproj", "{78B079BD-9FC7-4B9E-B4A6-96DA0F00248B}"
EndProject
Project("{8BC9CEB8-8B4A-11D0-8D11-00A0C91BC942}") = "mapnik_text", "mapnik_text\mapnik_text.vcxproj", "{DE0E7C1F-F02A-461D-9470-DBF72AA599D2}"
EndProject
Project("{8BC9CEB8-8B4A-11D0-8D11-00A0C91BC942}") = "libpng", "libpng\projects\visualc71\libpng.vcxproj", "{0008960E-E0DD-41A6-8265-00B31DDB4C21}"
EndProject
Project("{8BC9CEB8-8B4A-11D0-8D11-00A0C91BC942}") = "zlib", "libpng\projects\visualc71\zlib.vcxproj", "{2D4F8105-7D21-454C-9932-B47CAB71A5C0}"
EndProject
Global
	GlobalSection(SolutionConfigurationPlatforms) = preSolution
		Debug Multithreaded|Win32 = Debug Multithreaded|Win32
		Debug Singlethreaded|Win32 = Debug Singlethreaded|Win32
		Debug|Win32 = Debug|Win32
		DLL Debug|Win32 = DLL Debug|Win32
		DLL Release|Win32 = DLL Release|Win32
		DLL VB|Win32 = DLL VB|Win32
		LIB Debug|Win32 = LIB Debug|Win32
		LIB Release|Win32 = LIB Release|Win32
		Release Multithreaded|Win32 = Release Multithreaded|Win32
		Release Singlethreaded|Win32 = Release Singlethreaded|Win32
		Release|Win32 = Release|Win32
	EndGlobalSection
	GlobalSection(ProjectConfigurationPlatforms) = postSolution
		{E055E530-7018-402D-81E6-161D58D39FCF}.Debug Multithreaded|Win32.ActiveCfg = Debug|Win32
		{E055E530-7018-402D-81E6-161D58D39FCF}.Debug Multithreaded|Win32.Build.0 = Debug|Win32
		{E055E530-7018-402D-81E6-161D58D39FCF}.Debug Singlethreaded|Win32.ActiveCfg = Debug|Win32
		{E055E530-7018-402D-81E6-161D58D39FCF}.Debug Singlethreaded|Win32.Build.0 = Debug|Win32
		{E055E530-7018-402D-81E6-161D58D39FCF}.Debug|Win32.ActiveCfg = Debug|Win32
		{E055E530-7018-402D-81E6-161D58D39FCF}.Debug|Win32.Build.0 = Debug|Win32
		{E055E530-7018-402D-81E6-161D58D39FCF}.DLL Debug|Win32.ActiveCfg = Debug|Win32
		{E055E530-7018-402D-81E6-161D58D39FCF}.DLL Debug|Win32.Build.0 = Debug|Win32
		{E055E530-7018-402D-81E6-161D58D39FCF}.DLL Release|Win32.ActiveCfg = Release|Win32
		{E055E530-7018-402D-81E6-161D58D39FCF}.DLL Release|Win32.Build.0 = Release|Win32
		{E055E530-7018-402D-81E6-161D58D39FCF}.DLL VB|Win32.ActiveCfg = Debug|Win32
		{E055E530-7018-402D-81E6-161D58D39FCF}.DLL VB|Win32.Build.0 = Debug|Win32
		{E055E530-7018-402D-81E6-161D58D39FCF}.LIB Debug|Win32.ActiveCfg = Debug|Win32
		{E055E530-7018-402D-81E6-161D58D39FCF}.LIB Debug|Win32.Build.0 = Debug|Win32
		{E055E530-7018-402D-81E6-161D58D39FCF}.LIB Release|Win32.ActiveCfg = Release|Win32
		{E055E530-7018-402D-81E6-161D58D39FCF}.LIB Release|Win32.Build.0 = Release|Win32
		{E055E530-7018-402D-81E6-161D58D39FCF}.Release Multithreaded|Win32.ActiveCfg = Release|Win32
		{E055E530-7018-402D-81E6-161D58D39FCF}.Release Multithreaded|Win32.Build.0 = Release|Win32
		{E055E530-7018-402D-81E6-161D58D39FCF}.Release Singlethreaded|Win32.ActiveCfg = Release|Win32
		{E055E530-7018-402D-81E6-161D58D39FCF}.Release Singlethreaded|Win32.Build.0 = Release|Win32
		{E055E530-7018-402D-81E6-161D58D39FCF}.Release|Win32.ActiveCfg = Release|Win32
		{E055E530-7018-402D-81E6-161D58D39FCF}.Release|Win32.Build.0 = Release|Win32
		{D4F57C4E-6682-41C9-A2D6-FED85929C7BF}.Debug Multithreaded|Win32.ActiveCfg = Debug|Win32
		{D4F57C4E-6682-41C9-A2D6-FED85929C7BF}.Debug Multithreaded|Win32.Build.0 = Debug|Win32
		{D4F57C4E-6682-41C9-A2D6-FED85929C7BF}.Debug Singlethreaded|Win32.ActiveCfg = Debug|Win32
		{D4F57C4E-6682-41C9-A2D6-FED85929C7BF}.Debug Singlethreaded|Win32.Build.0 = Debug|Win32
		{D4F57C4E-6682-41C9-A2D6-FED85929C7BF}.Debug|Win32.ActiveCfg = Debug|Win32
		{D4F57C4E-6682-41C9-A2D6-FED85929C7BF}.Debug|Win32.Build.0 = Debug|Win32
		{D4F57C4E-6682-41C9-A2D6-FED85929C7BF}.DLL Debug|Win32.ActiveCfg = Debug|Win32
		{D4F57C4E-6682-41C9-A2D6-FED85929C7BF}.DLL Debug|Win32.Build.0 = Debug|Win32
		{D4F57C4E-6682-41C9-A2D6-FED85929C7BF}.DLL Release|Win32.ActiveCfg = Release|Win32
		{D4F57C4E-6682-41C9-A2D6-FED85929C7BF}.DLL Release|Win32.Build.0 = Release|Win32
		{D4F57C4E-6682-41C9-A2D6-FED85929C7BF}.DLL VB|Win32.ActiveCfg = Debug|Win32
		{D4F57C4E-6682-41C9-A2D6-FED85929C7BF}.DLL VB|Win32.Build.0 = Debug|Win32
		{D4F57C4E-6682-41C9-A2D6-FED85929C7BF}.LIB Debug|Win32.ActiveCfg = Debug|Win32
		{D4F57C4E-6682-41C9-A2D6-FED85929C7BF}.LIB Debug|Win32.Build.0 = Debug|Win32
		{D4F57C4E-6682-41C9-A2D6-FED85929C7BF}.LIB Release|Win32.ActiveCfg = Release|Win32
		{D4F57C4E-6682-41C9-A2D6-FED85929C7BF}.LIB Release|Win32.Build.0 = Release|Win32
		{D4F57C4E-6682-41C9-A2D6-FED85929C7BF}.Release Multithreaded|Win32.ActiveCfg = Release|Win32
		{D4F57C4E-6682-41C9-A2D6-FED85929C7BF}.Release Multithreaded|Win32.Build.0 = Release|Win32
		{D4F57C4E-6682-41C9-A2D6-FED85929C7BF}.Release Singlethreaded|Win32.ActiveCfg = Release|Win32
		{D4F57C4E-6682-41C9-A2D6-FED85929C7BF}.Release Singlethreaded|Win32.Build.0 = Release|Win32
		{D4F57C4E-6682-41C9-A2D6-FED85929C7BF}.Release|Win32.ActiveCfg = Release|Win32
		{D4F57C4E-6682-41C9-A2D6-FED85929C7BF}.Release|Win32.Build.0 = Release|Win32
		{78B079BD-9FC7-4B9E-B4A6-96DA0F00248B}.Debug Multithreaded|Win32.ActiveCfg = Debug Multithreaded|Win32
		{78B079BD-9FC7-4B9E-B4A6-96DA0F00248B}.Debug Multithreaded|Win32.Build.0 = Debug Multithreaded|Win32
		{78B079BD-9FC7-4B9E-B4A6-96DA0F00248B}.Debug Singlethreaded|Win32.ActiveCfg = Debug Singlethreaded|Win32
		{78B079BD-9FC7-4B9E-B4A6-96DA0F00248B}.Debug Singlethreaded|Win32.Build.0 = Debug Singlethreaded|Win32
		{78B079BD-9FC7-4B9E-B4A6-96DA0F00248B}.Debug|Win32.ActiveCfg = Debug|Win32
		{78B079BD-9FC7-4B9E-B4A6-96DA0F00248B}.Debug|Win32.Build.0 = Debug|Win32
		{78B079BD-9FC7-4B9E-B4A6-96DA0F00248B}.DLL Debug|Win32.ActiveCfg = Debug|Win32
		{78B079BD-9FC7-4B9E-B4A6-96DA0F00248B}.DLL Debug|Win32.Build.0 = Debug|Win32
		{78B079BD-9FC7-4B9E-B4A6-96DA0F00248B}.DLL Release|Win32.ActiveCfg = Release|Win32
		{78B079BD-9FC7-4B9E-B4A6-96DA0F00248B}.DLL Release|Win32.Build.0 = Release|Win32
		{78B079BD-9FC7-4B9E-B4A6-96DA0F00248B}.DLL VB|Win32.ActiveCfg = Debug|Win32
		{78B079BD-9FC7-4B9E-B4A6-96DA0F00248B}.DLL VB|Win32.Build.0 = Debug|Win32
		{78B079BD-9FC7-4B9E-B4A6-96DA0F00248B}.LIB Debug|Win32.ActiveCfg = Debug|Win32
		{78B079BD-9FC7-4B9E-B4A6-96DA0F00248B}.LIB Debug|Win32.Build.0 = Debug|Win32
		{78B079BD-9FC7-4B9E-B4A6-96DA0F00248B}.LIB Release|Win32.ActiveCfg = Release|Win32
		{78B079BD-9FC7-4B9E-B4A6-96DA0F00248B}.LIB Release|Win32.Build.0 = Release|Win32
		{78B079BD-9FC7-4B9E-B4A6-96DA0F00248B}.Release Multithreaded|Win32.ActiveCfg = Release Multithreaded|Win32
		{78B079BD-9FC7-4B9E-B4A6-96DA0F00248B}.Release Multithreaded|Win32.Build.0 = Release Multithreaded|Win32
		{78B079BD-9FC7-4B9E-B4A6-96DA0F00248B}.Release Singlethreaded|Win32.ActiveCfg = Release Singlethreaded|Win32
		{78B079BD-9FC7-4B9E-B4A6-96DA0F00248B}.Release Singlethreaded|Win32.Build.0 = Release Singlethreaded|Win32
		{78B079BD-9FC7-4B9E-B4A6-96DA0F00248B}.Release|Win32.ActiveCfg = Release|Win32
		{78B079BD-9FC7-4B9E-B4A6-96DA0F00248B}.Release|Win32.Build.0 = Release|Win32
		{DE0E7C1F-F02A-461D-9470-DBF72AA599D2}.Debug Multithreaded|Win32.ActiveCfg = Debug|Win32
		{DE0E7C1F-F02A-461D-9470-DBF72AA599D2}.Debug Multithreaded|Win32.Build.0 = Debug|Win32
		{DE0E7C1F-F02A-461D-9470-DBF72AA599D2}.Debug Singlethreaded|Win32.ActiveCfg = Debug|Win32
		{DE0E7C1F-F02A-461D-9470-DBF72AA599D2}.Debug Singlethreaded|Win32.Build.0 = Debug|Win32
		{DE0E7C1F-F02A-461D-9470-DBF72AA599D2}.Debug|Win32.ActiveCfg = Debug|Win32
		{DE0E7C1F-F02A-461D-9470-DBF72AA599D2}.DLL Debug|Win32.ActiveCfg = Debug|Win32
		{DE0E7C1F-F02A-461D-9470-DBF72AA599D2}.DLL Debug|Win32.Build.0 = Debug|Win32
		{DE0E7C1F-F02A-461D-9470-DBF72AA599D2}.DLL Release|Win32.ActiveCfg = Release|Win32
		{DE0E7C1F-F02A-461D-9470-DBF72AA599D2}.DLL Release|Win32.Build.0 = Release|Win32
		{DE0E7C1F-F02A-461D-9470-DBF72AA599D2}.DLL VB|Win32.ActiveCfg = Debug|Win32
		{DE0E7C1F-F02A-461D-9470-DBF72AA599D2}.DLL VB|Win32.Build.0 = Debug|Win32
		{DE0E7C1F-F02A-461D-9470-DBF72AA599D2}.LIB Debug|Win32.ActiveCfg = Debug|Win32
		{DE0E7C1F-F02A-461D-9470-DBF72AA599D2}.LIB Debug|Win32.Build.0 = Debug|Win32
		{DE0E7C1F-F02A-461D-9470-DBF72AA599D2}.LIB Release|Win32.ActiveCfg = Release|Win32
		{DE0E7C1F-F02A-461D-9470-DBF72AA599D2}.LIB Release|Win32.Build.0 = Release|Win32
		{DE0E7C1F-F02A-461D-9470-DBF72AA599D2}.Release Multithreaded|Win32.ActiveCfg = Release|Win32
		{DE0E7C1F-F02A-461D-9470-DBF72AA599D2}.Release Multithreaded|Win32.Build.0 = Release|Win32
		{DE0E7C1F-F02A-461D-9470-DBF72AA599D2}.Release Singlethreaded|Win32.ActiveCfg = Release|Win32
		{DE0E7C1F-F02A-461D-9470-DBF72AA599D2}.Release Singlethreaded|Win32.Build.0 = Release|Win32
		{DE0E7C1F-F02A-461D-9470-DBF72AA599D2}.Release|Win32.ActiveCfg = Release|Win32
		{DE0E7C1F-F02A-461D-9470-DBF72AA599D2}.Release|Win32.Build.0 = Release|Win32
		{0008960E-E0DD-41A6-8265-00B31DDB4C21}.Debug Multithreaded|Win32.ActiveCfg = DLL Debug|Win32
		{0008960E-E0DD-41A6-8265-00B31DDB4C21}.Debug Multithreaded|Win32.Build.0 = DLL Debug|Win32
		{0008960E-E0DD-41A6-8265-00B31DDB4C21}.Debug Singlethreaded|Win32.ActiveCfg = DLL Debug|Win32
		{0008960E-E0DD-41A6-8265-00B31DDB4C21}.Debug Singlethreaded|Win32.Build.0 = DLL Debug|Win32
		{0008960E-E0DD-41A6-8265-00B31DDB4C21}.Debug|Win32.ActiveCfg = LIB Debug|Win32
		{0008960E-E0DD-41A6-8265-00B31DDB4C21}.Debug|Win32.Build.0 = LIB Debug|Win32
		{0008960E-E0DD-41A6-8265-00B31DDB4C21}.DLL Debug|Win32.ActiveCfg = DLL Debug|Win32
		{0008960E-E0DD-41A6-8265-00B31DDB4C21}.DLL Debug|Win32.Build.0 = DLL Debug|Win32
		{0008960E-E0DD-41A6-8265-00B31DDB4C21}.DLL Release|Win32.ActiveCfg = DLL Release|Win32
		{0008960E-E0DD-41A6-8265-00B31DDB4C21}.DLL Release|Win32.Build.0 = DLL Release|Win32
		{0008960E-E0DD-41A6-8265-00B31DDB4C21}.DLL VB|Win32.ActiveCfg = DLL VB|Win32
		{0008960E-E0DD-41A6-8265-00B31DDB4C21}.DLL VB|Win32.Build.0 = DLL VB|Win32
		{0008960E-E0DD-41A6-8265-00B31DDB4C21}.LIB Debug|Win32.ActiveCfg = LIB Debug|Win32
		{0008960E-E0DD-41A6-8265-00B31DDB4C21}.LIB Debug|Win32.Build.0 = LIB Debug|Win32
		{0008960E-E0DD-41A6-8265-00B31DDB4C21}.LIB Release|Win32.ActiveCfg = LIB Release|Win32
		{0008960E-E0DD-41A6-8265-00B31DDB4C21}.LIB Release|Win32.Build.0 = LIB Release|Win32
		{0008960E-E0DD-41A6-8265-00B31DDB4C21}.Release Multithreaded|Win32.ActiveCfg = LIB Release|Win32
		{0008960E-E0DD-41A6-8265-00B31DDB4C21}.Release Multithreaded|Win32.Build.0 = LIB Release|Win32
		{0008960E-E0DD-41A6-8265-00B31DDB4C21}.Release Singlethreaded|Win32.ActiveCfg = LIB Release|Win32
		{0008960E-E0DD-41A6-8265-00B31DDB4C21}.Release Singlethreaded|Win32.Build.0 = LIB Release|Win32
		{0008960E-E0DD-41A6-8265-00B31DDB4C21}.Release|Win32.ActiveCfg = LIB Release|Win32
		{0008960E-E0DD-41A6-8265-00B31DDB4C21}.Release|Win32.Build.0 = LIB Release|Win32
		{2D4F8105-7D21-454C-9932-B47CAB71A5C0}.Debug Multithreaded|Win32.ActiveCfg = DLL Debug|Win32
		{2D4F8105-7D21-454C-9932-B47CAB71A5C0}.Debug Multithreaded|Win32.Build.0 = DLL Debug|Win32
		{2D4F8105-7D21-454C-9932-B47CAB71A5C0}.Debug Singlethreaded|Win32.ActiveCfg = DLL Debug|Win32
		{2D4F8105-7D21-454C-9932-B47CAB71A5C0}.Debug Singlethreaded|Win32.Build.0 = DLL Debug|Win32
		{2D4F8105-7D21-454C-9932-B47CAB71A5C0}.Debug|Win32.ActiveCfg = LIB Debug|Win32
		{2D4F8105-7D21-454C-9932-B47CAB71A5C0}.Debug|Win32.Build.0 = LIB Debug|Win32
		{2D4F8105-7D21-454C-9932-B47CAB71A5C0}.DLL Debug|Win32.ActiveCfg = DLL Debug|Win32
		{2D4F8105-7D21-454C-9932-B47CAB71A5C0}.DLL Debug|Win32.Build.0 = DLL Debug|Win32
		{2D4F8105-7D21-454C-9932-B47CAB71A5C0}.DLL Release|Win32.ActiveCfg = DLL Release|Win32
		{2D4F8105-7D21-454C-9932-B47CAB71A5C0}.DLL Release|Win32.Build.0 = DLL Release|Win32
		{2D4F8105-7D21-454C-9932-B47CAB71A5C0}.DLL VB|Win32.ActiveCfg = DLL Debug|Win32
		{2D4F8105-7D21-454C-9932-B47CAB71A5C0}.DLL VB|Win32.Build.0 = DLL Debug|Win32
		{2D4F8105-7D21-454C-9932-B47CAB71A5C0}.LIB Debug|Win32.ActiveCfg = LIB Debug|Win32
		{2D4F8105-7D21-454C-9932-B47CAB71A5C0}.LIB Debug|Win32.Build.0 = LIB Debug|Win32
		{2D4F8105-7D21-454C-9932-B47CAB71A5C0}.LIB Release|Win32.ActiveCfg = LIB Release|Win32
		{2D4F8105-7D21-454C-9932-B47CAB71A5C0}.LIB Release|Win32.Build.0 = LIB Release|Win32
		{2D4F8105-7D21-454C-9932-B47CAB71A5C0}.Release Multithreaded|Win32.ActiveCfg = LIB Release|Win32
		{2D4F8105-7D21-454C-9932-B47CAB71A5C0}.Release Multithreaded|Win32.Build.0 = LIB Release|Win32
		{2D4F8105-7D21-454C-9932-B47CAB71A5C0}.Release Singlethreaded|Win32.ActiveCfg = LIB Release|Win32
		{2D4F8105-7D21-454C-9932-B47CAB71A5C0}.Release Singlethreaded|Win32.Build.0 = LIB Release|Win32
		{2D4F8105-7D21-454C-9932-B47CAB71A5C0}.Release|Win32.ActiveCfg = LIB Release|Win32
		{2D4F8105-7D21-454C-9932-B47CAB71A5C0}.Release|Win32.Build.0 = LIB Release|Win32
	EndGlobalSection
	GlobalSection(SolutionProperties) = preSolution
		HideSolutionNode = FALSE
	EndGlobalSection
EndGlobal
